
Microsoft Visual Studio Solution File, Format Version 12.00
# Visual Studio Version 17
VisualStudioVersion = 17.0.32014.148
MinimumVisualStudioVersion = 10.0.40219.1
Project("{FAE04EC0-301F-11D3-BF4B-00C04F79EFBC}") = "laba1", "laba1\laba1.csproj", "{7CAC4F17-31A8-4A59-9ECC-4048094CD089}"
EndProject
Global
	GlobalSection(SolutionConfigurationPlatforms) = preSolution
		Debug|Any CPU = Debug|Any CPU
		Release|Any CPU = Release|Any CPU
	EndGlobalSection
	GlobalSection(ProjectConfigurationPlatforms) = postSolution
		{7CAC4F17-31A8-4A59-9ECC-4048094CD089}.Debug|Any CPU.ActiveCfg = Debug|Any CPU
		{7CAC4F17-31A8-4A59-9ECC-4048094CD089}.Debug|Any CPU.Build.0 = Debug|Any CPU
		{7CAC4F17-31A8-4A59-9ECC-4048094CD089}.Release|Any CPU.ActiveCfg = Release|Any CPU
		{7CAC4F17-31A8-4A59-9ECC-4048094CD089}.Release|Any CPU.Build.0 = Release|Any CPU
	EndGlobalSection
	GlobalSection(SolutionProperties) = preSolution
		HideSolutionNode = FALSE
	EndGlobalSection
	GlobalSection(ExtensibilityGlobals) = postSolution
		SolutionGuid = {7BD5960E-E8C7-4352-894C-680E66E4013C}
	EndGlobalSection
EndGlobal
